
Microsoft Visual Studio Solution File, Format Version 12.00
# Visual Studio Version 17
VisualStudioVersion = 17.1.32421.90
MinimumVisualStudioVersion = 10.0.40219.1
Project("{FAE04EC0-301F-11D3-BF4B-00C04F79EFBC}") = "HotwiredQuoteEditor", "HotwiredQuoteEditor\HotwiredQuoteEditor.csproj", "{4136747E-FB30-4682-8E3B-653A65BA12DA}"
EndProject
Global
	GlobalSection(SolutionConfigurationPlatforms) = preSolution
		Debug|Any CPU = Debug|Any CPU
		Release|Any CPU = Release|Any CPU
	EndGlobalSection
	GlobalSection(ProjectConfigurationPlatforms) = postSolution
		{4136747E-FB30-4682-8E3B-653A65BA12DA}.Debug|Any CPU.ActiveCfg = Debug|Any CPU
		{4136747E-FB30-4682-8E3B-653A65BA12DA}.Debug|Any CPU.Build.0 = Debug|Any CPU
		{4136747E-FB30-4682-8E3B-653A65BA12DA}.Release|Any CPU.ActiveCfg = Release|Any CPU
		{4136747E-FB30-4682-8E3B-653A65BA12DA}.Release|Any CPU.Build.0 = Release|Any CPU
	EndGlobalSection
	GlobalSection(SolutionProperties) = preSolution
		HideSolutionNode = FALSE
	EndGlobalSection
	GlobalSection(ExtensibilityGlobals) = postSolution
		SolutionGuid = {82101B45-CC53-449D-98FC-82238AFC23ED}
	EndGlobalSection
EndGlobal
